# This file was autogenerated by Stack.
# You should not edit this file by hand.
# For more information, please see the documentation at:
#   https://docs.haskellstack.org/en/stable/topics/lock_files

packages:
- completed:
    hackage: network-3.2.7.0@sha256:e3a1ec8b8dd32f1d5a541679a67de60d6626487a95f20c6bc245268ae7142ab7,5305
    pantry-tree:
      sha256: a6b96da036a806119e17bd90ab2ef499778cf727531e22f3274ae9970ea630cf
      size: 4039
  original:
    hackage: network-3.2.7.0
- completed:
    hackage: time-1.12.2@sha256:88e8493d9130038d3b9968a2530a0900141cd3d938483c83dde56e12b875ebc8,6510
    pantry-tree:
      sha256: de0ab314661da3788b5dad20254e44929b1659b00d32b5a0cd54922a05e006e8
      size: 7264
  original:
    hackage: time-1.12.2
snapshots:
- completed:
    sha256: f4a61482dcad21151331bf84ec85bee9be43965f143791fa4bb202ac1e443e1b
    size: 683833
    url: https://raw.githubusercontent.com/commercialhaskell/stackage-snapshots/master/lts/23/21.yaml
  original:
    url: https://raw.githubusercontent.com/commercialhaskell/stackage-snapshots/master/lts/23/21.yaml
